<?xml version="1.0" encoding="utf-8"?>
<Project ToolsVersion="4.0" xmlns="http://schemas.microsoft.com/developer/msbuild/2003">
  <ItemGroup>
    <Filter Include="Source Files">
      <UniqueIdentifier>{4FC737F1-C7A5-4376-A066-2A32D752A2FF}</UniqueIdentifier>
      <Extensions>cpp;c;cc;cxx;def;odl;idl;hpj;bat;asm;asmx</Extensions>
    </Filter>
    <Filter Include="Header Files">
      <UniqueIdentifier>{93995380-89BD-4b04-88EB-625FBE52EBFB}</UniqueIdentifier>
      <Extensions>h;hh;hpp;hxx;hm;inl;inc;ipp;xsd</Extensions>
    </Filter>
    <Filter Include="Resource Files">
      <UniqueIdentifier>{67DA6AB6-F800-4c08-8B7A-83BB121AAD01}</UniqueIdentifier>
      <Extensions>rc;ico;cur;bmp;dlg;rc2;rct;bin;rgs;gif;jpg;jpeg;jpe;resx;tiff;tif;png;wav;mfcribbon-ms</Extensions>
    </Filter>
    <Filter Include="Header Files\Exceptions">
      <UniqueIdentifier>{028c90db-93d6-4147-af6a-445ab8a69666}</UniqueIdentifier>
    </Filter>
    <Filter Include="Header Files\Model">
      <UniqueIdentifier>{28cd686c-0551-47b3-ba22-c3b0e3a82f5b}</UniqueIdentifier>
    </Filter>
    <Filter Include="Source Files\Model">
      <UniqueIdentifier>{2d3905b1-fd8b-450f-be75-135f687abf59}</UniqueIdentifier>
    </Filter>
    <Filter Include="Source Files\Network">
      <UniqueIdentifier>{d6ed22f9-359c-4937-bc38-88142faf635f}</UniqueIdentifier>
    </Filter>
    <Filter Include="Header Files\Network">
      <UniqueIdentifier>{580a3602-5d29-4b01-a9df-72eff3bc77a5}</UniqueIdentifier>
    </Filter>
    <Filter Include="Header Files\Types">
      <UniqueIdentifier>{8d12e89e-bdcb-4dfa-a99f-84db51728b93}</UniqueIdentifier>
    </Filter>
    <Filter Include="Header Files\Serialize">
      <UniqueIdentifier>{7a19eca0-8602-4833-8cdc-3e0de4b09694}</UniqueIdentifier>
    </Filter>
    <Filter Include="Header Files\Network\Messages">
      <UniqueIdentifier>{5d507c24-02f1-4e35-9939-824c2148dfe5}</UniqueIdentifier>
    </Filter>
    <Filter Include="Source Files\Serialize">
      <UniqueIdentifier>{008932ff-1190-497a-9a88-e26d45fd439a}</UniqueIdentifier>
    </Filter>
  </ItemGroup>
  <ItemGroup>
    <ClInclude Include="BaseCWServerException.h">
      <Filter>Header Files\Exceptions</Filter>
    </ClInclude>
    <ClInclude Include="Server.h">
      <Filter>Header Files\Network</Filter>
    </ClInclude>
    <ClInclude Include="CwServerSocketUdp.h">
      <Filter>Header Files\Network</Filter>
    </ClInclude>
    <ClInclude Include="CwServerSocketTcp.h">
      <Filter>Header Files\Network</Filter>
    </ClInclude>
    <ClInclude Include="CivilWar.h">
      <Filter>Header Files\Model</Filter>
    </ClInclude>
    <ClInclude Include="Soldier.h">
      <Filter>Header Files\Model</Filter>
    </ClInclude>
    <ClInclude Include="Bullet.h">
      <Filter>Header Files\Model</Filter>
    </ClInclude>
    <ClInclude Include="ModelsAsDataTypes.h">
      <Filter>Header Files\Types</Filter>
    </ClInclude>
    <ClInclude Include="Config.h">
      <Filter>Header Files</Filter>
    </ClInclude>
    <ClInclude Include="Types.h">
      <Filter>Header Files\Types</Filter>
    </ClInclude>
    <ClInclude Include="Serializer.h">
      <Filter>Header Files\Serialize</Filter>
    </ClInclude>
    <ClInclude Include="Msg.h">
      <Filter>Header Files\Network\Messages</Filter>
    </ClInclude>
    <ClInclude Include="SoldierMsg.h">
      <Filter>Header Files\Network\Messages</Filter>
    </ClInclude>
    <ClInclude Include="MsgTypes.h">
      <Filter>Header Files\Types</Filter>
    </ClInclude>
    <ClInclude Include="Game.h">
      <Filter>Header Files\Model</Filter>
    </ClInclude>
    <ClInclude Include="BattlefieldMsg.h">
      <Filter>Header Files\Network\Messages</Filter>
    </ClInclude>
  </ItemGroup>
  <ItemGroup>
    <ClCompile Include="Source Server.cpp">
      <Filter>Source Files</Filter>
    </ClCompile>
    <ClCompile Include="Server.cpp">
      <Filter>Source Files\Network</Filter>
    </ClCompile>
    <ClCompile Include="CwServerSocketUdp.cpp">
      <Filter>Source Files\Network</Filter>
    </ClCompile>
    <ClCompile Include="CwServerSocketTcp.cpp">
      <Filter>Source Files\Network</Filter>
    </ClCompile>
    <ClCompile Include="CivilWar.cpp">
      <Filter>Source Files\Model</Filter>
    </ClCompile>
    <ClCompile Include="Soldier.cpp">
      <Filter>Source Files\Model</Filter>
    </ClCompile>
    <ClCompile Include="Bullet.cpp">
      <Filter>Source Files\Model</Filter>
    </ClCompile>
    <ClCompile Include="Serializer.cpp">
      <Filter>Source Files\Serialize</Filter>
    </ClCompile>
    <ClCompile Include="Game.cpp">
      <Filter>Source Files\Model</Filter>
    </ClCompile>
  </ItemGroup>
</Project>